
Microsoft Visual Studio Solution File, Format Version 12.00
# Visual Studio Version 17
VisualStudioVersion = 17.14.36518.9
MinimumVisualStudioVersion = 10.0.40219.1
Project("{2150E333-8FDC-42A3-9474-1A3956D46DE8}") = "Task0", "Task0", "{02EA681E-C7D8-13C7-8484-4AC65E1B71E8}"
EndProject
Project("{FAE04EC0-301F-11D3-BF4B-00C04F79EFBC}") = "Tyuiu.MamatkulovFO.Sprint2.Task0.V16", "Tyuiu.MamatkulovFO.Sprint2.Task0.V16\Tyuiu.MamatkulovFO.Sprint2.Task0.V16.csproj", "{D4A3EB2F-367F-4ABD-BB6A-DA83BA4A408C}"
EndProject
Project("{FAE04EC0-301F-11D3-BF4B-00C04F79EFBC}") = "Tyuiu.MamatkulovFO.Sprint2.Task0.V16.Lib", "Tyuiu.MamatkulovFO.Sprint2.Task0.V16.Lib\Tyuiu.MamatkulovFO.Sprint2.Task0.V16.Lib.csproj", "{E2C42100-DFD9-4F0C-A468-5264D1109420}"
EndProject
Project("{FAE04EC0-301F-11D3-BF4B-00C04F79EFBC}") = "Tyuiu.MamatkulovFO.Sprint2.Task0.V16.Test", "Tyuiu.MamatkulovFO.Sprint2.Task0.V16.Test\Tyuiu.MamatkulovFO.Sprint2.Task0.V16.Test.csproj", "{D617A9A2-4486-49D8-8205-E4C67693AA26}"
EndProject
Project("{2150E333-8FDC-42A3-9474-1A3956D46DE8}") = "Task1", "Task1", "{556BF080-7AF1-4906-B34E-898FA157F48F}"
EndProject
Project("{FAE04EC0-301F-11D3-BF4B-00C04F79EFBC}") = "Tyuiu.MamatkulovFO.Sprint2.Task1.V3", "Tyuiu.MamatkulovFO.Sprint2.Task1.V3\Tyuiu.MamatkulovFO.Sprint2.Task1.V3.csproj", "{D4DA1D4E-075C-4E95-BC7B-F94CD389F707}"
EndProject
Project("{FAE04EC0-301F-11D3-BF4B-00C04F79EFBC}") = "Tyuiu.MamatkulovFO.Sprint2.Task1.V3.Lib", "Tyuiu.MamatkulovFO.Sprint2.Task1.V3.Lib\Tyuiu.MamatkulovFO.Sprint2.Task1.V3.Lib.csproj", "{947447D0-3046-440E-9E4B-6922746C24B9}"
EndProject
Project("{FAE04EC0-301F-11D3-BF4B-00C04F79EFBC}") = "Tyuiu.MamatkulovFO.Sprint2.Task1.V3.Test", "Tyuiu.MamatkulovFO.Sprint2.Task1.V3.Test\Tyuiu.MamatkulovFO.Sprint2.Task1.V3.Test.csproj", "{987229C3-6C95-4204-919B-431767AA4453}"
EndProject
Project("{2150E333-8FDC-42A3-9474-1A3956D46DE8}") = "Task2", "Task2", "{3B8A0CA5-8218-4BEF-8E05-A69F41003B25}"
EndProject
Project("{FAE04EC0-301F-11D3-BF4B-00C04F79EFBC}") = "Tyuiu.MamatkulovFO.Sprint2.Task2.V24", "Tyuiu.MamatkulovFO.Sprint2.Task2.V24\Tyuiu.MamatkulovFO.Sprint2.Task2.V24.csproj", "{1551A2BB-F27E-4138-ABA6-1F630EF8AF66}"
EndProject
Project("{FAE04EC0-301F-11D3-BF4B-00C04F79EFBC}") = "Tyuiu.MamatkulovFO.Sprint2.Task2.V24.Lib", "Tyuiu.MamatkulovFO.Sprint2.Task2.V24.Lib\Tyuiu.MamatkulovFO.Sprint2.Task2.V24.Lib.csproj", "{111D07BF-BA8D-44D1-9750-D2CCF4EE7533}"
EndProject
Project("{FAE04EC0-301F-11D3-BF4B-00C04F79EFBC}") = "Tyuiu.MamatkulovFO.Sprint2.Task2.V24.Test", "Tyuiu.MamatkulovFO.Sprint2.Task2.V24.Test\Tyuiu.MamatkulovFO.Sprint2.Task2.V24.Test.csproj", "{7AD6971F-A1F5-4CCB-81E2-7171E7FDD4B1}"
EndProject
Project("{2150E333-8FDC-42A3-9474-1A3956D46DE8}") = "Task3", "Task3", "{67618B24-CF12-45B3-8AA3-9FE7A749BD80}"
EndProject
Project("{FAE04EC0-301F-11D3-BF4B-00C04F79EFBC}") = "Tyuiu.MamatkulovFO.Sprint2.Task3.V12", "Tyuiu.MamatkulovFO.Sprint2.Task3.V12\Tyuiu.MamatkulovFO.Sprint2.Task3.V12.csproj", "{91FCC1FE-8F69-4C15-86F5-7B28B8EA4F7F}"
EndProject
Project("{FAE04EC0-301F-11D3-BF4B-00C04F79EFBC}") = "Tyuiu.MamatkulovFO.Sprint2.Task3.V12.Lib", "Tyuiu.MamatkulovFO.Sprint2.Task3.V12.Lib\Tyuiu.MamatkulovFO.Sprint2.Task3.V12.Lib.csproj", "{ECF6B27D-5DF2-448D-AFD8-16F2C2D5E84C}"
EndProject
Project("{FAE04EC0-301F-11D3-BF4B-00C04F79EFBC}") = "Tyuiu.MamatkulovFO.Sprint2.Task3.V12.Test", "Tyuiu.MamatkulovFO.Sprint2.Task3.V12.Test\Tyuiu.MamatkulovFO.Sprint2.Task3.V12.Test.csproj", "{3B5267E3-AD0B-4951-A712-EEDDA48D63AC}"
EndProject
Project("{2150E333-8FDC-42A3-9474-1A3956D46DE8}") = "Task4", "Task4", "{ABED219D-D75C-4EDE-808A-359991507A0F}"
EndProject
Project("{FAE04EC0-301F-11D3-BF4B-00C04F79EFBC}") = "Tyuiu.MamatkulovFO.Sprint2.Task4.V3", "Tyuiu.MamatkulovFO.Sprint2.Task4.V3\Tyuiu.MamatkulovFO.Sprint2.Task4.V3.csproj", "{A845ECCD-2052-4C98-BD8E-C2BBCF331971}"
EndProject
Project("{FAE04EC0-301F-11D3-BF4B-00C04F79EFBC}") = "Tyuiu.MamatkulovFO.Sprint2.Task4.V3.Lib", "Tyuiu.MamatkulovFO.Sprint2.Task4.V3.Lib\Tyuiu.MamatkulovFO.Sprint2.Task4.V3.Lib.csproj", "{3B20A1AB-A70A-4E14-BFFC-DA7C7039EC7D}"
EndProject
Project("{FAE04EC0-301F-11D3-BF4B-00C04F79EFBC}") = "Tyuiu.MamatkulovFO.Sprint2.Task4.V3.Test", "Tyuiu.MamatkulovFO.Sprint2.Task4.V3.Test\Tyuiu.MamatkulovFO.Sprint2.Task4.V3.Test.csproj", "{BBD93025-9702-4289-84E4-32280618F46F}"
EndProject
Project("{2150E333-8FDC-42A3-9474-1A3956D46DE8}") = "Task5", "Task5", "{B0D81F0E-6D53-4675-99FE-E13E2C178E96}"
EndProject
Project("{FAE04EC0-301F-11D3-BF4B-00C04F79EFBC}") = "Tyuiu.MamatkulovFO.Sprint2.Task5.V14", "Tyuiu.MamatkulovFO.Sprint2.Task5.V14\Tyuiu.MamatkulovFO.Sprint2.Task5.V14.csproj", "{E70FAA5E-1C73-46F7-8C6F-1308D46E0AC6}"
EndProject
Project("{FAE04EC0-301F-11D3-BF4B-00C04F79EFBC}") = "Tyuiu.MamatkulovFO.Sprint2.Task5.V14.Lib", "Tyuiu.MamatkulovFO.Sprint2.Task5.V14.Lib\Tyuiu.MamatkulovFO.Sprint2.Task5.V14.Lib.csproj", "{BC2171F0-73B8-4D26-8E08-1307DC3895C7}"
EndProject
Project("{FAE04EC0-301F-11D3-BF4B-00C04F79EFBC}") = "Tyuiu.MamatkulovFO.Sprint2.Task5.V14.Test", "Tyuiu.MamatkulovFO.Sprint2.Task5.V14.Test\Tyuiu.MamatkulovFO.Sprint2.Task5.V14.Test.csproj", "{FCE1566E-05CC-431E-9572-7202CCCE9237}"
EndProject
Global
	GlobalSection(SolutionConfigurationPlatforms) = preSolution
		Debug|Any CPU = Debug|Any CPU
		Release|Any CPU = Release|Any CPU
	EndGlobalSection
	GlobalSection(ProjectConfigurationPlatforms) = postSolution
		{D4A3EB2F-367F-4ABD-BB6A-DA83BA4A408C}.Debug|Any CPU.ActiveCfg = Debug|Any CPU
		{D4A3EB2F-367F-4ABD-BB6A-DA83BA4A408C}.Debug|Any CPU.Build.0 = Debug|Any CPU
		{D4A3EB2F-367F-4ABD-BB6A-DA83BA4A408C}.Release|Any CPU.ActiveCfg = Release|Any CPU
		{D4A3EB2F-367F-4ABD-BB6A-DA83BA4A408C}.Release|Any CPU.Build.0 = Release|Any CPU
		{E2C42100-DFD9-4F0C-A468-5264D1109420}.Debug|Any CPU.ActiveCfg = Debug|Any CPU
		{E2C42100-DFD9-4F0C-A468-5264D1109420}.Debug|Any CPU.Build.0 = Debug|Any CPU
		{E2C42100-DFD9-4F0C-A468-5264D1109420}.Release|Any CPU.ActiveCfg = Release|Any CPU
		{E2C42100-DFD9-4F0C-A468-5264D1109420}.Release|Any CPU.Build.0 = Release|Any CPU
		{D617A9A2-4486-49D8-8205-E4C67693AA26}.Debug|Any CPU.ActiveCfg = Debug|Any CPU
		{D617A9A2-4486-49D8-8205-E4C67693AA26}.Debug|Any CPU.Build.0 = Debug|Any CPU
		{D617A9A2-4486-49D8-8205-E4C67693AA26}.Release|Any CPU.ActiveCfg = Release|Any CPU
		{D617A9A2-4486-49D8-8205-E4C67693AA26}.Release|Any CPU.Build.0 = Release|Any CPU
		{D4DA1D4E-075C-4E95-BC7B-F94CD389F707}.Debug|Any CPU.ActiveCfg = Debug|Any CPU
		{D4DA1D4E-075C-4E95-BC7B-F94CD389F707}.Debug|Any CPU.Build.0 = Debug|Any CPU
		{D4DA1D4E-075C-4E95-BC7B-F94CD389F707}.Release|Any CPU.ActiveCfg = Release|Any CPU
		{D4DA1D4E-075C-4E95-BC7B-F94CD389F707}.Release|Any CPU.Build.0 = Release|Any CPU
		{947447D0-3046-440E-9E4B-6922746C24B9}.Debug|Any CPU.ActiveCfg = Debug|Any CPU
		{947447D0-3046-440E-9E4B-6922746C24B9}.Debug|Any CPU.Build.0 = Debug|Any CPU
		{947447D0-3046-440E-9E4B-6922746C24B9}.Release|Any CPU.ActiveCfg = Release|Any CPU
		{947447D0-3046-440E-9E4B-6922746C24B9}.Release|Any CPU.Build.0 = Release|Any CPU
		{987229C3-6C95-4204-919B-431767AA4453}.Debug|Any CPU.ActiveCfg = Debug|Any CPU
		{987229C3-6C95-4204-919B-431767AA4453}.Debug|Any CPU.Build.0 = Debug|Any CPU
		{987229C3-6C95-4204-919B-431767AA4453}.Release|Any CPU.ActiveCfg = Release|Any CPU
		{987229C3-6C95-4204-919B-431767AA4453}.Release|Any CPU.Build.0 = Release|Any CPU
		{1551A2BB-F27E-4138-ABA6-1F630EF8AF66}.Debug|Any CPU.ActiveCfg = Debug|Any CPU
		{1551A2BB-F27E-4138-ABA6-1F630EF8AF66}.Debug|Any CPU.Build.0 = Debug|Any CPU
		{1551A2BB-F27E-4138-ABA6-1F630EF8AF66}.Release|Any CPU.ActiveCfg = Release|Any CPU
		{1551A2BB-F27E-4138-ABA6-1F630EF8AF66}.Release|Any CPU.Build.0 = Release|Any CPU
		{111D07BF-BA8D-44D1-9750-D2CCF4EE7533}.Debug|Any CPU.ActiveCfg = Debug|Any CPU
		{111D07BF-BA8D-44D1-9750-D2CCF4EE7533}.Debug|Any CPU.Build.0 = Debug|Any CPU
		{111D07BF-BA8D-44D1-9750-D2CCF4EE7533}.Release|Any CPU.ActiveCfg = Release|Any CPU
		{111D07BF-BA8D-44D1-9750-D2CCF4EE7533}.Release|Any CPU.Build.0 = Release|Any CPU
		{7AD6971F-A1F5-4CCB-81E2-7171E7FDD4B1}.Debug|Any CPU.ActiveCfg = Debug|Any CPU
		{7AD6971F-A1F5-4CCB-81E2-7171E7FDD4B1}.Debug|Any CPU.Build.0 = Debug|Any CPU
		{7AD6971F-A1F5-4CCB-81E2-7171E7FDD4B1}.Release|Any CPU.ActiveCfg = Release|Any CPU
		{7AD6971F-A1F5-4CCB-81E2-7171E7FDD4B1}.Release|Any CPU.Build.0 = Release|Any CPU
		{91FCC1FE-8F69-4C15-86F5-7B28B8EA4F7F}.Debug|Any CPU.ActiveCfg = Debug|Any CPU
		{91FCC1FE-8F69-4C15-86F5-7B28B8EA4F7F}.Debug|Any CPU.Build.0 = Debug|Any CPU
		{91FCC1FE-8F69-4C15-86F5-7B28B8EA4F7F}.Release|Any CPU.ActiveCfg = Release|Any CPU
		{91FCC1FE-8F69-4C15-86F5-7B28B8EA4F7F}.Release|Any CPU.Build.0 = Release|Any CPU
		{ECF6B27D-5DF2-448D-AFD8-16F2C2D5E84C}.Debug|Any CPU.ActiveCfg = Debug|Any CPU
		{ECF6B27D-5DF2-448D-AFD8-16F2C2D5E84C}.Debug|Any CPU.Build.0 = Debug|Any CPU
		{ECF6B27D-5DF2-448D-AFD8-16F2C2D5E84C}.Release|Any CPU.ActiveCfg = Release|Any CPU
		{ECF6B27D-5DF2-448D-AFD8-16F2C2D5E84C}.Release|Any CPU.Build.0 = Release|Any CPU
		{3B5267E3-AD0B-4951-A712-EEDDA48D63AC}.Debug|Any CPU.ActiveCfg = Debug|Any CPU
		{3B5267E3-AD0B-4951-A712-EEDDA48D63AC}.Debug|Any CPU.Build.0 = Debug|Any CPU
		{3B5267E3-AD0B-4951-A712-EEDDA48D63AC}.Release|Any CPU.ActiveCfg = Release|Any CPU
		{3B5267E3-AD0B-4951-A712-EEDDA48D63AC}.Release|Any CPU.Build.0 = Release|Any CPU
		{A845ECCD-2052-4C98-BD8E-C2BBCF331971}.Debug|Any CPU.ActiveCfg = Debug|Any CPU
		{A845ECCD-2052-4C98-BD8E-C2BBCF331971}.Debug|Any CPU.Build.0 = Debug|Any CPU
		{A845ECCD-2052-4C98-BD8E-C2BBCF331971}.Release|Any CPU.ActiveCfg = Release|Any CPU
		{A845ECCD-2052-4C98-BD8E-C2BBCF331971}.Release|Any CPU.Build.0 = Release|Any CPU
		{3B20A1AB-A70A-4E14-BFFC-DA7C7039EC7D}.Debug|Any CPU.ActiveCfg = Debug|Any CPU
		{3B20A1AB-A70A-4E14-BFFC-DA7C7039EC7D}.Debug|Any CPU.Build.0 = Debug|Any CPU
		{3B20A1AB-A70A-4E14-BFFC-DA7C7039EC7D}.Release|Any CPU.ActiveCfg = Release|Any CPU
		{3B20A1AB-A70A-4E14-BFFC-DA7C7039EC7D}.Release|Any CPU.Build.0 = Release|Any CPU
		{BBD93025-9702-4289-84E4-32280618F46F}.Debug|Any CPU.ActiveCfg = Debug|Any CPU
		{BBD93025-9702-4289-84E4-32280618F46F}.Debug|Any CPU.Build.0 = Debug|Any CPU
		{BBD93025-9702-4289-84E4-32280618F46F}.Release|Any CPU.ActiveCfg = Release|Any CPU
		{BBD93025-9702-4289-84E4-32280618F46F}.Release|Any CPU.Build.0 = Release|Any CPU
		{E70FAA5E-1C73-46F7-8C6F-1308D46E0AC6}.Debug|Any CPU.ActiveCfg = Debug|Any CPU
		{E70FAA5E-1C73-46F7-8C6F-1308D46E0AC6}.Debug|Any CPU.Build.0 = Debug|Any CPU
		{E70FAA5E-1C73-46F7-8C6F-1308D46E0AC6}.Release|Any CPU.ActiveCfg = Release|Any CPU
		{E70FAA5E-1C73-46F7-8C6F-1308D46E0AC6}.Release|Any CPU.Build.0 = Release|Any CPU
		{BC2171F0-73B8-4D26-8E08-1307DC3895C7}.Debug|Any CPU.ActiveCfg = Debug|Any CPU
		{BC2171F0-73B8-4D26-8E08-1307DC3895C7}.Debug|Any CPU.Build.0 = Debug|Any CPU
		{BC2171F0-73B8-4D26-8E08-1307DC3895C7}.Release|Any CPU.ActiveCfg = Release|Any CPU
		{BC2171F0-73B8-4D26-8E08-1307DC3895C7}.Release|Any CPU.Build.0 = Release|Any CPU
		{FCE1566E-05CC-431E-9572-7202CCCE9237}.Debug|Any CPU.ActiveCfg = Debug|Any CPU
		{FCE1566E-05CC-431E-9572-7202CCCE9237}.Debug|Any CPU.Build.0 = Debug|Any CPU
		{FCE1566E-05CC-431E-9572-7202CCCE9237}.Release|Any CPU.ActiveCfg = Release|Any CPU
		{FCE1566E-05CC-431E-9572-7202CCCE9237}.Release|Any CPU.Build.0 = Release|Any CPU
	EndGlobalSection
	GlobalSection(SolutionProperties) = preSolution
		HideSolutionNode = FALSE
	EndGlobalSection
	GlobalSection(NestedProjects) = preSolution
		{D4A3EB2F-367F-4ABD-BB6A-DA83BA4A408C} = {02EA681E-C7D8-13C7-8484-4AC65E1B71E8}
		{E2C42100-DFD9-4F0C-A468-5264D1109420} = {02EA681E-C7D8-13C7-8484-4AC65E1B71E8}
		{D617A9A2-4486-49D8-8205-E4C67693AA26} = {02EA681E-C7D8-13C7-8484-4AC65E1B71E8}
		{D4DA1D4E-075C-4E95-BC7B-F94CD389F707} = {556BF080-7AF1-4906-B34E-898FA157F48F}
		{947447D0-3046-440E-9E4B-6922746C24B9} = {556BF080-7AF1-4906-B34E-898FA157F48F}
		{987229C3-6C95-4204-919B-431767AA4453} = {556BF080-7AF1-4906-B34E-898FA157F48F}
		{1551A2BB-F27E-4138-ABA6-1F630EF8AF66} = {3B8A0CA5-8218-4BEF-8E05-A69F41003B25}
		{111D07BF-BA8D-44D1-9750-D2CCF4EE7533} = {3B8A0CA5-8218-4BEF-8E05-A69F41003B25}
		{7AD6971F-A1F5-4CCB-81E2-7171E7FDD4B1} = {3B8A0CA5-8218-4BEF-8E05-A69F41003B25}
		{91FCC1FE-8F69-4C15-86F5-7B28B8EA4F7F} = {67618B24-CF12-45B3-8AA3-9FE7A749BD80}
		{ECF6B27D-5DF2-448D-AFD8-16F2C2D5E84C} = {67618B24-CF12-45B3-8AA3-9FE7A749BD80}
		{3B5267E3-AD0B-4951-A712-EEDDA48D63AC} = {67618B24-CF12-45B3-8AA3-9FE7A749BD80}
		{A845ECCD-2052-4C98-BD8E-C2BBCF331971} = {ABED219D-D75C-4EDE-808A-359991507A0F}
		{3B20A1AB-A70A-4E14-BFFC-DA7C7039EC7D} = {ABED219D-D75C-4EDE-808A-359991507A0F}
		{BBD93025-9702-4289-84E4-32280618F46F} = {ABED219D-D75C-4EDE-808A-359991507A0F}
		{E70FAA5E-1C73-46F7-8C6F-1308D46E0AC6} = {B0D81F0E-6D53-4675-99FE-E13E2C178E96}
		{BC2171F0-73B8-4D26-8E08-1307DC3895C7} = {B0D81F0E-6D53-4675-99FE-E13E2C178E96}
		{FCE1566E-05CC-431E-9572-7202CCCE9237} = {B0D81F0E-6D53-4675-99FE-E13E2C178E96}
	EndGlobalSection
	GlobalSection(ExtensibilityGlobals) = postSolution
		SolutionGuid = {7C1719D2-64DA-4700-A39A-DC0C5BAB55DF}
	EndGlobalSection
EndGlobal
